
Microsoft Visual Studio Solution File, Format Version 12.00
# Visual Studio Version 16
VisualStudioVersion = 16.0.30611.23
MinimumVisualStudioVersion = 10.0.40219.1
Project("{9A19103F-16F7-4668-BE54-9A1E7A4F7556}") = "Anchorage", "ac\Anchorage.csproj", "{44866E41-60FB-427B-8BFD-BA83C379CA43}"
EndProject
Project("{2150E333-8FDC-42A3-9474-1A3956D46DE8}") = "Solution Items", "Solution Items", "{D3884245-6239-4D31-8625-6919F2EB92EA}"
	ProjectSection(SolutionItems) = preProject
		.github\workflows\build-and-test.yml = .github\workflows\build-and-test.yml
		README.md = README.md
	EndProjectSection
EndProject
Global
	GlobalSection(SolutionConfigurationPlatforms) = preSolution
		Debug|Any CPU = Debug|Any CPU
		Release|Any CPU = Release|Any CPU
	EndGlobalSection
	GlobalSection(ProjectConfigurationPlatforms) = postSolution
		{44866E41-60FB-427B-8BFD-BA83C379CA43}.Debug|Any CPU.ActiveCfg = Debug|Any CPU
		{44866E41-60FB-427B-8BFD-BA83C379CA43}.Debug|Any CPU.Build.0 = Debug|Any CPU
		{44866E41-60FB-427B-8BFD-BA83C379CA43}.Release|Any CPU.ActiveCfg = Release|Any CPU
		{44866E41-60FB-427B-8BFD-BA83C379CA43}.Release|Any CPU.Build.0 = Release|Any CPU
	EndGlobalSection
	GlobalSection(SolutionProperties) = preSolution
		HideSolutionNode = FALSE
	EndGlobalSection
	GlobalSection(ExtensibilityGlobals) = postSolution
		SolutionGuid = {B9F489E2-4CD9-427C-8086-C2D12FB24B41}
	EndGlobalSection
EndGlobal
